
Microsoft Visual Studio Solution File, Format Version 12.00
# Visual Studio 15
VisualStudioVersion = 15.0.27130.2036
MinimumVisualStudioVersion = 10.0.40219.1
Project("{FAE04EC0-301F-11D3-BF4B-00C04F79EFBC}") = "EGTS", "EGTS\EGTS.csproj", "{A2424CA5-2D18-4562-8916-06825440774B}"
EndProject
Project("{FAE04EC0-301F-11D3-BF4B-00C04F79EFBC}") = "Test", "Test\Test.csproj", "{F0B0C54A-2F38-4592-99B2-29741AA63CEC}"
EndProject
Global
	GlobalSection(SolutionConfigurationPlatforms) = preSolution
		Debug|Any CPU = Debug|Any CPU
		Release|Any CPU = Release|Any CPU
	EndGlobalSection
	GlobalSection(ProjectConfigurationPlatforms) = postSolution
		{A2424CA5-2D18-4562-8916-06825440774B}.Debug|Any CPU.ActiveCfg = Debug|Any CPU
		{A2424CA5-2D18-4562-8916-06825440774B}.Debug|Any CPU.Build.0 = Debug|Any CPU
		{A2424CA5-2D18-4562-8916-06825440774B}.Release|Any CPU.ActiveCfg = Release|Any CPU
		{A2424CA5-2D18-4562-8916-06825440774B}.Release|Any CPU.Build.0 = Release|Any CPU
		{F0B0C54A-2F38-4592-99B2-29741AA63CEC}.Debug|Any CPU.ActiveCfg = Debug|Any CPU
		{F0B0C54A-2F38-4592-99B2-29741AA63CEC}.Debug|Any CPU.Build.0 = Debug|Any CPU
		{F0B0C54A-2F38-4592-99B2-29741AA63CEC}.Release|Any CPU.ActiveCfg = Release|Any CPU
		{F0B0C54A-2F38-4592-99B2-29741AA63CEC}.Release|Any CPU.Build.0 = Release|Any CPU
	EndGlobalSection
	GlobalSection(SolutionProperties) = preSolution
		HideSolutionNode = FALSE
	EndGlobalSection
	GlobalSection(ExtensibilityGlobals) = postSolution
		SolutionGuid = {83F5E87E-F582-47AF-9A07-3691DD1F5AD8}
	EndGlobalSection
EndGlobal
